
Microsoft Visual Studio Solution File, Format Version 12.00
# Visual Studio Version 17
VisualStudioVersion = 17.6.33815.320
MinimumVisualStudioVersion = 10.0.40219.1
Project("{FAE04EC0-301F-11D3-BF4B-00C04F79EFBC}") = "FullCalendar", "FullCalendar\FullCalendar.csproj", "{8EFD7673-6EBF-4416-AD65-E5C17D03E375}"
EndProject
Global
	GlobalSection(SolutionConfigurationPlatforms) = preSolution
		Debug|Any CPU = Debug|Any CPU
		Release|Any CPU = Release|Any CPU
	EndGlobalSection
	GlobalSection(ProjectConfigurationPlatforms) = postSolution
		{8EFD7673-6EBF-4416-AD65-E5C17D03E375}.Debug|Any CPU.ActiveCfg = Debug|Any CPU
		{8EFD7673-6EBF-4416-AD65-E5C17D03E375}.Debug|Any CPU.Build.0 = Debug|Any CPU
		{8EFD7673-6EBF-4416-AD65-E5C17D03E375}.Release|Any CPU.ActiveCfg = Release|Any CPU
		{8EFD7673-6EBF-4416-AD65-E5C17D03E375}.Release|Any CPU.Build.0 = Release|Any CPU
	EndGlobalSection
	GlobalSection(SolutionProperties) = preSolution
		HideSolutionNode = FALSE
	EndGlobalSection
	GlobalSection(ExtensibilityGlobals) = postSolution
		SolutionGuid = {DADB4114-F702-4499-B521-47B26153E406}
	EndGlobalSection
EndGlobal
